
Microsoft Visual Studio Solution File, Format Version 12.00
# Visual Studio Version 16
VisualStudioVersion = 16.0.30114.105
MinimumVisualStudioVersion = 10.0.40219.1
Project("{2150E333-8FDC-42A3-9474-1A3956D46DE8}") = "src", "src", "{6CD083B8-E37F-49EC-BA9F-ECD4D4286EE2}"
EndProject
Project("{FAE04EC0-301F-11D3-BF4B-00C04F79EFBC}") = "GradeBook", "src\GradeBook\GradeBook.csproj", "{DB8339D1-B6E1-4350-826A-5DA0A140CEC1}"
EndProject
Project("{2150E333-8FDC-42A3-9474-1A3956D46DE8}") = "test", "test", "{F473CCE3-D916-40E1-9B1A-C67B475F021E}"
EndProject
Project("{FAE04EC0-301F-11D3-BF4B-00C04F79EFBC}") = "GradeBook.Tests", "test\Gradebook.Tests\GradeBook.Tests.csproj", "{6E9C6AAB-773B-4036-BD85-F18B6F75031B}"
EndProject
Global
	GlobalSection(SolutionConfigurationPlatforms) = preSolution
		Debug|Any CPU = Debug|Any CPU
		Debug|x64 = Debug|x64
		Debug|x86 = Debug|x86
		Release|Any CPU = Release|Any CPU
		Release|x64 = Release|x64
		Release|x86 = Release|x86
	EndGlobalSection
	GlobalSection(SolutionProperties) = preSolution
		HideSolutionNode = FALSE
	EndGlobalSection
	GlobalSection(ProjectConfigurationPlatforms) = postSolution
		{DB8339D1-B6E1-4350-826A-5DA0A140CEC1}.Debug|Any CPU.ActiveCfg = Debug|Any CPU
		{DB8339D1-B6E1-4350-826A-5DA0A140CEC1}.Debug|Any CPU.Build.0 = Debug|Any CPU
		{DB8339D1-B6E1-4350-826A-5DA0A140CEC1}.Debug|x64.ActiveCfg = Debug|Any CPU
		{DB8339D1-B6E1-4350-826A-5DA0A140CEC1}.Debug|x64.Build.0 = Debug|Any CPU
		{DB8339D1-B6E1-4350-826A-5DA0A140CEC1}.Debug|x86.ActiveCfg = Debug|Any CPU
		{DB8339D1-B6E1-4350-826A-5DA0A140CEC1}.Debug|x86.Build.0 = Debug|Any CPU
		{DB8339D1-B6E1-4350-826A-5DA0A140CEC1}.Release|Any CPU.ActiveCfg = Release|Any CPU
		{DB8339D1-B6E1-4350-826A-5DA0A140CEC1}.Release|Any CPU.Build.0 = Release|Any CPU
		{DB8339D1-B6E1-4350-826A-5DA0A140CEC1}.Release|x64.ActiveCfg = Release|Any CPU
		{DB8339D1-B6E1-4350-826A-5DA0A140CEC1}.Release|x64.Build.0 = Release|Any CPU
		{DB8339D1-B6E1-4350-826A-5DA0A140CEC1}.Release|x86.ActiveCfg = Release|Any CPU
		{DB8339D1-B6E1-4350-826A-5DA0A140CEC1}.Release|x86.Build.0 = Release|Any CPU
		{6E9C6AAB-773B-4036-BD85-F18B6F75031B}.Debug|Any CPU.ActiveCfg = Debug|Any CPU
		{6E9C6AAB-773B-4036-BD85-F18B6F75031B}.Debug|Any CPU.Build.0 = Debug|Any CPU
		{6E9C6AAB-773B-4036-BD85-F18B6F75031B}.Debug|x64.ActiveCfg = Debug|Any CPU
		{6E9C6AAB-773B-4036-BD85-F18B6F75031B}.Debug|x64.Build.0 = Debug|Any CPU
		{6E9C6AAB-773B-4036-BD85-F18B6F75031B}.Debug|x86.ActiveCfg = Debug|Any CPU
		{6E9C6AAB-773B-4036-BD85-F18B6F75031B}.Debug|x86.Build.0 = Debug|Any CPU
		{6E9C6AAB-773B-4036-BD85-F18B6F75031B}.Release|Any CPU.ActiveCfg = Release|Any CPU
		{6E9C6AAB-773B-4036-BD85-F18B6F75031B}.Release|Any CPU.Build.0 = Release|Any CPU
		{6E9C6AAB-773B-4036-BD85-F18B6F75031B}.Release|x64.ActiveCfg = Release|Any CPU
		{6E9C6AAB-773B-4036-BD85-F18B6F75031B}.Release|x64.Build.0 = Release|Any CPU
		{6E9C6AAB-773B-4036-BD85-F18B6F75031B}.Release|x86.ActiveCfg = Release|Any CPU
		{6E9C6AAB-773B-4036-BD85-F18B6F75031B}.Release|x86.Build.0 = Release|Any CPU
	EndGlobalSection
	GlobalSection(NestedProjects) = preSolution
		{DB8339D1-B6E1-4350-826A-5DA0A140CEC1} = {6CD083B8-E37F-49EC-BA9F-ECD4D4286EE2}
		{6E9C6AAB-773B-4036-BD85-F18B6F75031B} = {F473CCE3-D916-40E1-9B1A-C67B475F021E}
	EndGlobalSection
EndGlobal
